<?xml version="1.0" encoding="utf-8"?>
<Project ToolsVersion="4.0" xmlns="http://schemas.microsoft.com/developer/msbuild/2003">
  <ItemGroup>
    <ClCompile Include="..\src\NaiveReduction.cpp">
      <Filter>src</Filter>
    </ClCompile>
    <ClCompile Include="..\..\Common\src\Actions.cpp">
      <Filter>src</Filter>
    </ClCompile>
    <ClCompile Include="..\..\Common\src\Helper.cpp">
      <Filter>src</Filter>
    </ClCompile>
  </ItemGroup>
  <ItemGroup>
    <Filter Include="src">
      <UniqueIdentifier>{54aa43ba-5de6-41d1-9a5b-2f867637a907}</UniqueIdentifier>
    </Filter>
    <Filter Include="include">
      <UniqueIdentifier>{42f9446d-ae4d-400e-add9-99d309668d99}</UniqueIdentifier>
    </Filter>
    <Filter Include="include\common">
      <UniqueIdentifier>{0d161013-f54e-4d4f-ba4c-eac995a2783b}</UniqueIdentifier>
    </Filter>
  </ItemGroup>
  <ItemGroup>
    <ClInclude Include="..\..\Common\include\Actions.h">
      <Filter>include\common</Filter>
    </ClInclude>
    <ClInclude Include="..\..\Common\include\Consumers.h">
      <Filter>include\common</Filter>
    </ClInclude>
    <ClInclude Include="..\..\Common\include\Context.h">
      <Filter>include\common</Filter>
    </ClInclude>
    <ClInclude Include="..\..\Common\include\DependencyGraph.h">
      <Filter>include\common</Filter>
    </ClInclude>
    <ClInclude Include="..\..\Common\include\Helper.h">
      <Filter>include\common</Filter>
    </ClInclude>
    <ClInclude Include="..\..\Common\include\Options.h">
      <Filter>include\common</Filter>
    </ClInclude>
    <ClInclude Include="..\..\Common\include\Streams.h">
      <Filter>include\common</Filter>
    </ClInclude>
    <ClInclude Include="..\..\Common\include\Visitors.h">
      <Filter>include\common</Filter>
    </ClInclude>
  </ItemGroup>
</Project>